// !$*UTF8*$!
{
	archiveVersion = 1;
	classes = {
	};
	objectVersion = 50;
	objects = {

/* Begin PBXBuildFile section */
		0050C9FE2106F8160072A429 /* QuestionsViewController.swift in Sources */ = {isa = PBXBuildFile; fileRef = 0050C9FD2106F8160072A429 /* QuestionsViewController.swift */; };
		0050CA022106FB640072A429 /* TreeTable.m in Sources */ = {isa = PBXBuildFile; fileRef = 0050CA012106FB640072A429 /* TreeTable.m */; };
		0050CA07210748F60072A429 /* sample.json in Resources */ = {isa = PBXBuildFile; fileRef = 0050CA06210748F60072A429 /* sample.json */; };
		0050CA09210845280072A429 /* Simplifya.swift in Sources */ = {isa = PBXBuildFile; fileRef = 0050CA08210845280072A429 /* Simplifya.swift */; };
		0050CA0B21085FE80072A429 /* AuthService.swift in Sources */ = {isa = PBXBuildFile; fileRef = 0050CA0A21085FE80072A429 /* AuthService.swift */; };
		0050CA0E210888950072A429 /* NetworkManager.swift in Sources */ = {isa = PBXBuildFile; fileRef = 0050CA0D210888950072A429 /* NetworkManager.swift */; };
		0050CA1121088CEC0072A429 /* Localizable.strings in Resources */ = {isa = PBXBuildFile; fileRef = 0050CA1021088CEC0072A429 /* Localizable.strings */; };
		00CADE042105D663003A6079 /* ButtonBlue.swift in Sources */ = {isa = PBXBuildFile; fileRef = 00CADE032105D663003A6079 /* ButtonBlue.swift */; };
		00CADE062105D8BC003A6079 /* ButtonLabel.swift in Sources */ = {isa = PBXBuildFile; fileRef = 00CADE052105D8BC003A6079 /* ButtonLabel.swift */; };
		00CADE092105DE02003A6079 /* Roboto-Bold.ttf in Resources */ = {isa = PBXBuildFile; fileRef = 00CADE082105DE02003A6079 /* Roboto-Bold.ttf */; };
		00CADE0C2105DE9E003A6079 /* Roboto-Regular.ttf in Resources */ = {isa = PBXBuildFile; fileRef = 00CADE0B2105DE9E003A6079 /* Roboto-Regular.ttf */; };
		00CADE0E2105E104003A6079 /* InputFieldsWrapper.swift in Sources */ = {isa = PBXBuildFile; fileRef = 00CADE0D2105E104003A6079 /* InputFieldsWrapper.swift */; };
		00CADE102105E5B5003A6079 /* InputField.swift in Sources */ = {isa = PBXBuildFile; fileRef = 00CADE0F2105E5B5003A6079 /* InputField.swift */; };
		00DB54922106CF76006E56AA /* LoginViewController.swift in Sources */ = {isa = PBXBuildFile; fileRef = 00DB54912106CF76006E56AA /* LoginViewController.swift */; };
		00FED8A92105AE3D000F3D8A /* AppDelegate.swift in Sources */ = {isa = PBXBuildFile; fileRef = 00FED8A82105AE3D000F3D8A /* AppDelegate.swift */; };
		00FED8AB2105AE3D000F3D8A /* ViewController.swift in Sources */ = {isa = PBXBuildFile; fileRef = 00FED8AA2105AE3D000F3D8A /* ViewController.swift */; };
		00FED8AE2105AE3D000F3D8A /* Main.storyboard in Resources */ = {isa = PBXBuildFile; fileRef = 00FED8AC2105AE3D000F3D8A /* Main.storyboard */; };
		00FED8B02105AE3E000F3D8A /* Assets.xcassets in Resources */ = {isa = PBXBuildFile; fileRef = 00FED8AF2105AE3E000F3D8A /* Assets.xcassets */; };
		00FED8B32105AE3E000F3D8A /* LaunchScreen.storyboard in Resources */ = {isa = PBXBuildFile; fileRef = 00FED8B12105AE3E000F3D8A /* LaunchScreen.storyboard */; };
		DA73D29DBE663516997C97CB /* Pods_Simplifyas_Auditor.framework in Frameworks */ = {isa = PBXBuildFile; fileRef = 381C63B2FFEA889A94657106 /* Pods_Simplifyas_Auditor.framework */; };
/* End PBXBuildFile section */

/* Begin PBXFileReference section */
		0050C9FD2106F8160072A429 /* QuestionsViewController.swift */ = {isa = PBXFileReference; lastKnownFileType = sourcecode.swift; path = QuestionsViewController.swift; sourceTree = "<group>"; };
		0050C9FF2106FB620072A429 /* Simplifyas Auditor-Bridging-Header.h */ = {isa = PBXFileReference; lastKnownFileType = sourcecode.c.h; path = "Simplifyas Auditor-Bridging-Header.h"; sourceTree = "<group>"; };
		0050CA002106FB630072A429 /* TreeTable.h */ = {isa = PBXFileReference; fileEncoding = 4; lastKnownFileType = sourcecode.c.h; path = TreeTable.h; sourceTree = "<group>"; };
		0050CA012106FB640072A429 /* TreeTable.m */ = {isa = PBXFileReference; fileEncoding = 4; lastKnownFileType = sourcecode.c.objc; path = TreeTable.m; sourceTree = "<group>"; };
		0050CA06210748F60072A429 /* sample.json */ = {isa = PBXFileReference; lastKnownFileType = text.json; path = sample.json; sourceTree = "<group>"; };
		0050CA08210845280072A429 /* Simplifya.swift */ = {isa = PBXFileReference; lastKnownFileType = sourcecode.swift; path = Simplifya.swift; sourceTree = "<group>"; };
		0050CA0A21085FE80072A429 /* AuthService.swift */ = {isa = PBXFileReference; lastKnownFileType = sourcecode.swift; path = AuthService.swift; sourceTree = "<group>"; };
		0050CA0D210888950072A429 /* NetworkManager.swift */ = {isa = PBXFileReference; lastKnownFileType = sourcecode.swift; path = NetworkManager.swift; sourceTree = "<group>"; };
		0050CA1021088CEC0072A429 /* Localizable.strings */ = {isa = PBXFileReference; lastKnownFileType = text.plist.strings; path = Localizable.strings; sourceTree = "<group>"; };
		00CADE032105D663003A6079 /* ButtonBlue.swift */ = {isa = PBXFileReference; lastKnownFileType = sourcecode.swift; path = ButtonBlue.swift; sourceTree = "<group>"; };
		00CADE052105D8BC003A6079 /* ButtonLabel.swift */ = {isa = PBXFileReference; lastKnownFileType = sourcecode.swift; path = ButtonLabel.swift; sourceTree = "<group>"; };
		00CADE082105DE02003A6079 /* Roboto-Bold.ttf */ = {isa = PBXFileReference; lastKnownFileType = file; path = "Roboto-Bold.ttf"; sourceTree = "<group>"; };
		00CADE0B2105DE9E003A6079 /* Roboto-Regular.ttf */ = {isa = PBXFileReference; lastKnownFileType = file; path = "Roboto-Regular.ttf"; sourceTree = "<group>"; };
		00CADE0D2105E104003A6079 /* InputFieldsWrapper.swift */ = {isa = PBXFileReference; lastKnownFileType = sourcecode.swift; path = InputFieldsWrapper.swift; sourceTree = "<group>"; };
		00CADE0F2105E5B5003A6079 /* InputField.swift */ = {isa = PBXFileReference; lastKnownFileType = sourcecode.swift; path = InputField.swift; sourceTree = "<group>"; };
		00DB54912106CF76006E56AA /* LoginViewController.swift */ = {isa = PBXFileReference; lastKnownFileType = sourcecode.swift; path = LoginViewController.swift; sourceTree = "<group>"; };
		00FED8A52105AE3D000F3D8A /* Simplifyas Auditor.app */ = {isa = PBXFileReference; explicitFileType = wrapper.application; includeInIndex = 0; path = "Simplifyas Auditor.app"; sourceTree = BUILT_PRODUCTS_DIR; };
		00FED8A82105AE3D000F3D8A /* AppDelegate.swift */ = {isa = PBXFileReference; lastKnownFileType = sourcecode.swift; path = AppDelegate.swift; sourceTree = "<group>"; };
		00FED8AA2105AE3D000F3D8A /* ViewController.swift */ = {isa = PBXFileReference; lastKnownFileType = sourcecode.swift; path = ViewController.swift; sourceTree = "<group>"; };
		00FED8AD2105AE3D000F3D8A /* Base */ = {isa = PBXFileReference; lastKnownFileType = file.storyboard; name = Base; path = Base.lproj/Main.storyboard; sourceTree = "<group>"; };
		00FED8AF2105AE3E000F3D8A /* Assets.xcassets */ = {isa = PBXFileReference; lastKnownFileType = folder.assetcatalog; path = Assets.xcassets; sourceTree = "<group>"; };
		00FED8B22105AE3E000F3D8A /* Base */ = {isa = PBXFileReference; lastKnownFileType = file.storyboard; name = Base; path = Base.lproj/LaunchScreen.storyboard; sourceTree = "<group>"; };
		00FED8B42105AE3E000F3D8A /* Info.plist */ = {isa = PBXFileReference; lastKnownFileType = text.plist.xml; path = Info.plist; sourceTree = "<group>"; };
		381C63B2FFEA889A94657106 /* Pods_Simplifyas_Auditor.framework */ = {isa = PBXFileReference; explicitFileType = wrapper.framework; includeInIndex = 0; path = Pods_Simplifyas_Auditor.framework; sourceTree = BUILT_PRODUCTS_DIR; };
		9273EEBB4CCCA05F9E9A27DD /* Pods-Simplifyas Auditor.debug.xcconfig */ = {isa = PBXFileReference; includeInIndex = 1; lastKnownFileType = text.xcconfig; name = "Pods-Simplifyas Auditor.debug.xcconfig"; path = "Pods/Target Support Files/Pods-Simplifyas Auditor/Pods-Simplifyas Auditor.debug.xcconfig"; sourceTree = "<group>"; };
		C0D99004EE413C653CA483FB /* Pods-Simplifyas Auditor.release.xcconfig */ = {isa = PBXFileReference; includeInIndex = 1; lastKnownFileType = text.xcconfig; name = "Pods-Simplifyas Auditor.release.xcconfig"; path = "Pods/Target Support Files/Pods-Simplifyas Auditor/Pods-Simplifyas Auditor.release.xcconfig"; sourceTree = "<group>"; };
/* End PBXFileReference section */

/* Begin PBXFrameworksBuildPhase section */
		00FED8A22105AE3D000F3D8A /* Frameworks */ = {
			isa = PBXFrameworksBuildPhase;
			buildActionMask = 2147483647;
			files = (
				DA73D29DBE663516997C97CB /* Pods_Simplifyas_Auditor.framework in Frameworks */,
			);
			runOnlyForDeploymentPostprocessing = 0;
		};
/* End PBXFrameworksBuildPhase section */

/* Begin PBXGroup section */
		0025C7212105B00C007A324D /* Storyboards */ = {
			isa = PBXGroup;
			children = (
				00FED8AC2105AE3D000F3D8A /* Main.storyboard */,
				00FED8B12105AE3E000F3D8A /* LaunchScreen.storyboard */,
			);
			path = Storyboards;
			sourceTree = "<group>";
		};
		0050CA032106FBC00072A429 /* TreeTable */ = {
			isa = PBXGroup;
			children = (
				0050CA002106FB630072A429 /* TreeTable.h */,
				0050CA012106FB640072A429 /* TreeTable.m */,
				0050CA06210748F60072A429 /* sample.json */,
			);
			path = TreeTable;
			sourceTree = "<group>";
		};
		0050CA0C210880730072A429 /* Services */ = {
			isa = PBXGroup;
			children = (
				0050CA0A21085FE80072A429 /* AuthService.swift */,
				0050CA0D210888950072A429 /* NetworkManager.swift */,
			);
			path = Services;
			sourceTree = "<group>";
		};
		0050CA1221088D000072A429 /* Resources */ = {
			isa = PBXGroup;
			children = (
				00CADE072105DDEE003A6079 /* Fonts */,
				0050CA032106FBC00072A429 /* TreeTable */,
				0050CA1321088D1C0072A429 /* Strings */,
			);
			path = Resources;
			sourceTree = "<group>";
		};
		0050CA1321088D1C0072A429 /* Strings */ = {
			isa = PBXGroup;
			children = (
				0050CA1021088CEC0072A429 /* Localizable.strings */,
			);
			path = Strings;
			sourceTree = "<group>";
		};
		00CADE022105D640003A6079 /* UI Elements */ = {
			isa = PBXGroup;
			children = (
				00CADE032105D663003A6079 /* ButtonBlue.swift */,
				00CADE052105D8BC003A6079 /* ButtonLabel.swift */,
				00CADE0D2105E104003A6079 /* InputFieldsWrapper.swift */,
				00CADE0F2105E5B5003A6079 /* InputField.swift */,
			);
			path = "UI Elements";
			sourceTree = "<group>";
		};
		00CADE072105DDEE003A6079 /* Fonts */ = {
			isa = PBXGroup;
			children = (
				00CADE0B2105DE9E003A6079 /* Roboto-Regular.ttf */,
				00CADE082105DE02003A6079 /* Roboto-Bold.ttf */,
			);
			path = Fonts;
			sourceTree = "<group>";
		};
		00DB54902106CF58006E56AA /* ViewControllers */ = {
			isa = PBXGroup;
			children = (
				00DB54912106CF76006E56AA /* LoginViewController.swift */,
				0050C9FD2106F8160072A429 /* QuestionsViewController.swift */,
			);
			path = ViewControllers;
			sourceTree = "<group>";
		};
		00FED89C2105AE3D000F3D8A = {
			isa = PBXGroup;
			children = (
				00FED8A72105AE3D000F3D8A /* Simplifyas Auditor */,
				00FED8A62105AE3D000F3D8A /* Products */,
				3F8C64CACCCC132295EF6285 /* Pods */,
				5B8FB28601CC7B1936BE5245 /* Frameworks */,
			);
			sourceTree = "<group>";
		};
		00FED8A62105AE3D000F3D8A /* Products */ = {
			isa = PBXGroup;
			children = (
				00FED8A52105AE3D000F3D8A /* Simplifyas Auditor.app */,
			);
			name = Products;
			sourceTree = "<group>";
		};
		00FED8A72105AE3D000F3D8A /* Simplifyas Auditor */ = {
			isa = PBXGroup;
			children = (
				00DB54902106CF58006E56AA /* ViewControllers */,
				0050CA0C210880730072A429 /* Services */,
				0025C7212105B00C007A324D /* Storyboards */,
				0050CA1221088D000072A429 /* Resources */,
				00CADE022105D640003A6079 /* UI Elements */,
				00FED8A82105AE3D000F3D8A /* AppDelegate.swift */,
				0050CA08210845280072A429 /* Simplifya.swift */,
				00FED8AA2105AE3D000F3D8A /* ViewController.swift */,
				00FED8AF2105AE3E000F3D8A /* Assets.xcassets */,
				0050C9FF2106FB620072A429 /* Simplifyas Auditor-Bridging-Header.h */,
				00FED8B42105AE3E000F3D8A /* Info.plist */,
			);
			path = "Simplifyas Auditor";
			sourceTree = "<group>";
		};
		3F8C64CACCCC132295EF6285 /* Pods */ = {
			isa = PBXGroup;
			children = (
				9273EEBB4CCCA05F9E9A27DD /* Pods-Simplifyas Auditor.debug.xcconfig */,
				C0D99004EE413C653CA483FB /* Pods-Simplifyas Auditor.release.xcconfig */,
			);
			name = Pods;
			sourceTree = "<group>";
		};
		5B8FB28601CC7B1936BE5245 /* Frameworks */ = {
			isa = PBXGroup;
			children = (
				381C63B2FFEA889A94657106 /* Pods_Simplifyas_Auditor.framework */,
			);
			name = Frameworks;
			sourceTree = "<group>";
		};
/* End PBXGroup section */

/* Begin PBXNativeTarget section */
		00FED8A42105AE3D000F3D8A /* Simplifyas Auditor */ = {
			isa = PBXNativeTarget;
			buildConfigurationList = 00FED8B72105AE3E000F3D8A /* Build configuration list for PBXNativeTarget "Simplifyas Auditor" */;
			buildPhases = (
				0E0DC1064324895A3942EA83 /* [CP] Check Pods Manifest.lock */,
				00FED8A12105AE3D000F3D8A /* Sources */,
				00FED8A22105AE3D000F3D8A /* Frameworks */,
				00FED8A32105AE3D000F3D8A /* Resources */,
				4625D7F1973A7164E392E653 /* [CP] Embed Pods Frameworks */,
			);
			buildRules = (
			);
			dependencies = (
			);
			name = "Simplifyas Auditor";
			productName = "Simplifyas Auditor";
			productReference = 00FED8A52105AE3D000F3D8A /* Simplifyas Auditor.app */;
			productType = "com.apple.product-type.application";
		};
/* End PBXNativeTarget section */

/* Begin PBXProject section */
		00FED89D2105AE3D000F3D8A /* Project object */ = {
			isa = PBXProject;
			attributes = {
				LastSwiftUpdateCheck = 0940;
				LastUpgradeCheck = 0940;
				ORGANIZATIONNAME = Simplifya;
				TargetAttributes = {
					00FED8A42105AE3D000F3D8A = {
						CreatedOnToolsVersion = 9.4.1;
						LastSwiftMigration = 0940;
					};
				};
			};
			buildConfigurationList = 00FED8A02105AE3D000F3D8A /* Build configuration list for PBXProject "Simplifyas Auditor" */;
			compatibilityVersion = "Xcode 9.3";
			developmentRegion = en;
			hasScannedForEncodings = 0;
			knownRegions = (
				en,
				Base,
			);
			mainGroup = 00FED89C2105AE3D000F3D8A;
			productRefGroup = 00FED8A62105AE3D000F3D8A /* Products */;
			projectDirPath = "";
			projectRoot = "";
			targets = (
				00FED8A42105AE3D000F3D8A /* Simplifyas Auditor */,
			);
		};
/* End PBXProject section */

/* Begin PBXResourcesBuildPhase section */
		00FED8A32105AE3D000F3D8A /* Resources */ = {
			isa = PBXResourcesBuildPhase;
			buildActionMask = 2147483647;
			files = (
				00FED8B32105AE3E000F3D8A /* LaunchScreen.storyboard in Resources */,
				00FED8B02105AE3E000F3D8A /* Assets.xcassets in Resources */,
				00CADE0C2105DE9E003A6079 /* Roboto-Regular.ttf in Resources */,
				0050CA1121088CEC0072A429 /* Localizable.strings in Resources */,
				00CADE092105DE02003A6079 /* Roboto-Bold.ttf in Resources */,
				00FED8AE2105AE3D000F3D8A /* Main.storyboard in Resources */,
				0050CA07210748F60072A429 /* sample.json in Resources */,
			);
			runOnlyForDeploymentPostprocessing = 0;
		};
/* End PBXResourcesBuildPhase section */

/* Begin PBXShellScriptBuildPhase section */
		0E0DC1064324895A3942EA83 /* [CP] Check Pods Manifest.lock */ = {
			isa = PBXShellScriptBuildPhase;
			buildActionMask = 2147483647;
			files = (
			);
			inputPaths = (
				"${PODS_PODFILE_DIR_PATH}/Podfile.lock",
				"${PODS_ROOT}/Manifest.lock",
			);
			name = "[CP] Check Pods Manifest.lock";
			outputPaths = (
				"$(DERIVED_FILE_DIR)/Pods-Simplifyas Auditor-checkManifestLockResult.txt",
			);
			runOnlyForDeploymentPostprocessing = 0;
			shellPath = /bin/sh;
			shellScript = "diff \"${PODS_PODFILE_DIR_PATH}/Podfile.lock\" \"${PODS_ROOT}/Manifest.lock\" > /dev/null\nif [ $? != 0 ] ; then\n    # print error to STDERR\n    echo \"error: The sandbox is not in sync with the Podfile.lock. Run 'pod install' or update your CocoaPods installation.\" >&2\n    exit 1\nfi\n# This output is used by Xcode 'outputs' to avoid re-running this script phase.\necho \"SUCCESS\" > \"${SCRIPT_OUTPUT_FILE_0}\"\n";
			showEnvVarsInLog = 0;
		};
		4625D7F1973A7164E392E653 /* [CP] Embed Pods Frameworks */ = {
			isa = PBXShellScriptBuildPhase;
			buildActionMask = 2147483647;
			files = (
			);
			inputPaths = (
				"${SRCROOT}/Pods/Target Support Files/Pods-Simplifyas Auditor/Pods-Simplifyas Auditor-frameworks.sh",
				"${BUILT_PRODUCTS_DIR}/Alamofire/Alamofire.framework",
				"${BUILT_PRODUCTS_DIR}/ReachabilitySwift/Reachability.framework",
				"${BUILT_PRODUCTS_DIR}/SwiftKeychainWrapper/SwiftKeychainWrapper.framework",
				"${BUILT_PRODUCTS_DIR}/SwiftyJSON/SwiftyJSON.framework",
			);
			name = "[CP] Embed Pods Frameworks";
			outputPaths = (
				"${TARGET_BUILD_DIR}/${FRAMEWORKS_FOLDER_PATH}/Alamofire.framework",
				"${TARGET_BUILD_DIR}/${FRAMEWORKS_FOLDER_PATH}/Reachability.framework",
				"${TARGET_BUILD_DIR}/${FRAMEWORKS_FOLDER_PATH}/SwiftKeychainWrapper.framework",
				"${TARGET_BUILD_DIR}/${FRAMEWORKS_FOLDER_PATH}/SwiftyJSON.framework",
			);
			runOnlyForDeploymentPostprocessing = 0;
			shellPath = /bin/sh;
			shellScript = "\"${SRCROOT}/Pods/Target Support Files/Pods-Simplifyas Auditor/Pods-Simplifyas Auditor-frameworks.sh\"\n";
			showEnvVarsInLog = 0;
		};
/* End PBXShellScriptBuildPhase section */

/* Begin PBXSourcesBuildPhase section */
		00FED8A12105AE3D000F3D8A /* Sources */ = {
			isa = PBXSourcesBuildPhase;
			buildActionMask = 2147483647;
			files = (
				0050CA0E210888950072A429 /* NetworkManager.swift in Sources */,
				0050CA09210845280072A429 /* Simplifya.swift in Sources */,
				00DB54922106CF76006E56AA /* LoginViewController.swift in Sources */,
				0050CA022106FB640072A429 /* TreeTable.m in Sources */,
				00CADE062105D8BC003A6079 /* ButtonLabel.swift in Sources */,
				0050C9FE2106F8160072A429 /* QuestionsViewController.swift in Sources */,
				0050CA0B21085FE80072A429 /* AuthService.swift in Sources */,
				00CADE0E2105E104003A6079 /* InputFieldsWrapper.swift in Sources */,
				00FED8AB2105AE3D000F3D8A /* ViewController.swift in Sources */,
				00FED8A92105AE3D000F3D8A /* AppDelegate.swift in Sources */,
				00CADE042105D663003A6079 /* ButtonBlue.swift in Sources */,
				00CADE102105E5B5003A6079 /* InputField.swift in Sources */,
			);
			runOnlyForDeploymentPostprocessing = 0;
		};
/* End PBXSourcesBuildPhase section */

/* Begin PBXVariantGroup section */
		00FED8AC2105AE3D000F3D8A /* Main.storyboard */ = {
			isa = PBXVariantGroup;
			children = (
				00FED8AD2105AE3D000F3D8A /* Base */,
			);
			name = Main.storyboard;
			sourceTree = "<group>";
		};
		00FED8B12105AE3E000F3D8A /* LaunchScreen.storyboard */ = {
			isa = PBXVariantGroup;
			children = (
				00FED8B22105AE3E000F3D8A /* Base */,
			);
			name = LaunchScreen.storyboard;
			sourceTree = "<group>";
		};
/* End PBXVariantGroup section */

/* Begin XCBuildConfiguration section */
		00FED8B52105AE3E000F3D8A /* Debug */ = {
			isa = XCBuildConfiguration;
			buildSettings = {
				ALWAYS_SEARCH_USER_PATHS = NO;
				CLANG_ANALYZER_NONNULL = YES;
				CLANG_ANALYZER_NUMBER_OBJECT_CONVERSION = YES_AGGRESSIVE;
				CLANG_CXX_LANGUAGE_STANDARD = "gnu++14";
				CLANG_CXX_LIBRARY = "libc++";
				CLANG_ENABLE_MODULES = YES;
				CLANG_ENABLE_OBJC_ARC = YES;
				CLANG_ENABLE_OBJC_WEAK = YES;
				CLANG_WARN_BLOCK_CAPTURE_AUTORELEASING = YES;
				CLANG_WARN_BOOL_CONVERSION = YES;
				CLANG_WARN_COMMA = YES;
				CLANG_WARN_CONSTANT_CONVERSION = YES;
				CLANG_WARN_DEPRECATED_OBJC_IMPLEMENTATIONS = YES;
				CLANG_WARN_DIRECT_OBJC_ISA_USAGE = YES_ERROR;
				CLANG_WARN_DOCUMENTATION_COMMENTS = YES;
				CLANG_WARN_EMPTY_BODY = YES;
				CLANG_WARN_ENUM_CONVERSION = YES;
				CLANG_WARN_INFINITE_RECURSION = YES;
				CLANG_WARN_INT_CONVERSION = YES;
				CLANG_WARN_NON_LITERAL_NULL_CONVERSION = YES;
				CLANG_WARN_OBJC_IMPLICIT_RETAIN_SELF = YES;
				CLANG_WARN_OBJC_LITERAL_CONVERSION = YES;
				CLANG_WARN_OBJC_ROOT_CLASS = YES_ERROR;
				CLANG_WARN_RANGE_LOOP_ANALYSIS = YES;
				CLANG_WARN_STRICT_PROTOTYPES = YES;
				CLANG_WARN_SUSPICIOUS_MOVE = YES;
				CLANG_WARN_UNGUARDED_AVAILABILITY = YES_AGGRESSIVE;
				CLANG_WARN_UNREACHABLE_CODE = YES;
				CLANG_WARN__DUPLICATE_METHOD_MATCH = YES;
				CODE_SIGN_IDENTITY = "iPhone Developer";
				COPY_PHASE_STRIP = NO;
				DEBUG_INFORMATION_FORMAT = dwarf;
				ENABLE_STRICT_OBJC_MSGSEND = YES;
				ENABLE_TESTABILITY = YES;
				GCC_C_LANGUAGE_STANDARD = gnu11;
				GCC_DYNAMIC_NO_PIC = NO;
				GCC_NO_COMMON_BLOCKS = YES;
				GCC_OPTIMIZATION_LEVEL = 0;
				GCC_PREPROCESSOR_DEFINITIONS = (
					"DEBUG=1",
					"$(inherited)",
				);
				GCC_WARN_64_TO_32_BIT_CONVERSION = YES;
				GCC_WARN_ABOUT_RETURN_TYPE = YES_ERROR;
				GCC_WARN_UNDECLARED_SELECTOR = YES;
				GCC_WARN_UNINITIALIZED_AUTOS = YES_AGGRESSIVE;
				GCC_WARN_UNUSED_FUNCTION = YES;
				GCC_WARN_UNUSED_VARIABLE = YES;
				IPHONEOS_DEPLOYMENT_TARGET = 11.4;
				MTL_ENABLE_DEBUG_INFO = YES;
				ONLY_ACTIVE_ARCH = YES;
				SDKROOT = iphoneos;
				SWIFT_ACTIVE_COMPILATION_CONDITIONS = DEBUG;
				SWIFT_OPTIMIZATION_LEVEL = "-Onone";
			};
			name = Debug;
		};
		00FED8B62105AE3E000F3D8A /* Release */ = {
			isa = XCBuildConfiguration;
			buildSettings = {
				ALWAYS_SEARCH_USER_PATHS = NO;
				CLANG_ANALYZER_NONNULL = YES;
				CLANG_ANALYZER_NUMBER_OBJECT_CONVERSION = YES_AGGRESSIVE;
				CLANG_CXX_LANGUAGE_STANDARD = "gnu++14";
				CLANG_CXX_LIBRARY = "libc++";
				CLANG_ENABLE_MODULES = YES;
				CLANG_ENABLE_OBJC_ARC = YES;
				CLANG_ENABLE_OBJC_WEAK = YES;
				CLANG_WARN_BLOCK_CAPTURE_AUTORELEASING = YES;
				CLANG_WARN_BOOL_CONVERSION = YES;
				CLANG_WARN_COMMA = YES;
				CLANG_WARN_CONSTANT_CONVERSION = YES;
				CLANG_WARN_DEPRECATED_OBJC_IMPLEMENTATIONS = YES;
				CLANG_WARN_DIRECT_OBJC_ISA_USAGE = YES_ERROR;
				CLANG_WARN_DOCUMENTATION_COMMENTS = YES;
				CLANG_WARN_EMPTY_BODY = YES;
				CLANG_WARN_ENUM_CONVERSION = YES;
				CLANG_WARN_INFINITE_RECURSION = YES;
				CLANG_WARN_INT_CONVERSION = YES;
				CLANG_WARN_NON_LITERAL_NULL_CONVERSION = YES;
				CLANG_WARN_OBJC_IMPLICIT_RETAIN_SELF = YES;
				CLANG_WARN_OBJC_LITERAL_CONVERSION = YES;
				CLANG_WARN_OBJC_ROOT_CLASS = YES_ERROR;
				CLANG_WARN_RANGE_LOOP_ANALYSIS = YES;
				CLANG_WARN_STRICT_PROTOTYPES = YES;
				CLANG_WARN_SUSPICIOUS_MOVE = YES;
				CLANG_WARN_UNGUARDED_AVAILABILITY = YES_AGGRESSIVE;
				CLANG_WARN_UNREACHABLE_CODE = YES;
				CLANG_WARN__DUPLICATE_METHOD_MATCH = YES;
				CODE_SIGN_IDENTITY = "iPhone Developer";
				COPY_PHASE_STRIP = NO;
				DEBUG_INFORMATION_FORMAT = "dwarf-with-dsym";
				ENABLE_NS_ASSERTIONS = NO;
				ENABLE_STRICT_OBJC_MSGSEND = YES;
				GCC_C_LANGUAGE_STANDARD = gnu11;
				GCC_NO_COMMON_BLOCKS = YES;
				GCC_WARN_64_TO_32_BIT_CONVERSION = YES;
				GCC_WARN_ABOUT_RETURN_TYPE = YES_ERROR;
				GCC_WARN_UNDECLARED_SELECTOR = YES;
				GCC_WARN_UNINITIALIZED_AUTOS = YES_AGGRESSIVE;
				GCC_WARN_UNUSED_FUNCTION = YES;
				GCC_WARN_UNUSED_VARIABLE = YES;
				IPHONEOS_DEPLOYMENT_TARGET = 11.4;
				MTL_ENABLE_DEBUG_INFO = NO;
				SDKROOT = iphoneos;
				SWIFT_COMPILATION_MODE = wholemodule;
				SWIFT_OPTIMIZATION_LEVEL = "-O";
				VALIDATE_PRODUCT = YES;
			};
			name = Release;
		};
		00FED8B82105AE3E000F3D8A /* Debug */ = {
			isa = XCBuildConfiguration;
			baseConfigurationReference = 9273EEBB4CCCA05F9E9A27DD /* Pods-Simplifyas Auditor.debug.xcconfig */;
			buildSettings = {
				ASSETCATALOG_COMPILER_APPICON_NAME = AppIcon;
				CLANG_ENABLE_MODULES = YES;
				CODE_SIGN_STYLE = Automatic;
				DEVELOPMENT_TEAM = XCPM2R6PDV;
				INFOPLIST_FILE = "Simplifyas Auditor/Info.plist";
				IPHONEOS_DEPLOYMENT_TARGET = 10.0;
				LD_RUNPATH_SEARCH_PATHS = (
					"$(inherited)",
					"@executable_path/Frameworks",
				);
				PRODUCT_BUNDLE_IDENTIFIER = com.simplifya.universal;
				PRODUCT_NAME = "$(TARGET_NAME)";
				SWIFT_OBJC_BRIDGING_HEADER = "Simplifyas Auditor/Simplifyas Auditor-Bridging-Header.h";
				SWIFT_OPTIMIZATION_LEVEL = "-Onone";
				SWIFT_VERSION = 4.0;
				TARGETED_DEVICE_FAMILY = "1,2";
			};
			name = Debug;
		};
		00FED8B92105AE3E000F3D8A /* Release */ = {
			isa = XCBuildConfiguration;
			baseConfigurationReference = C0D99004EE413C653CA483FB /* Pods-Simplifyas Auditor.release.xcconfig */;
			buildSettings = {
				ASSETCATALOG_COMPILER_APPICON_NAME = AppIcon;
				CLANG_ENABLE_MODULES = YES;
				CODE_SIGN_STYLE = Automatic;
				DEVELOPMENT_TEAM = XCPM2R6PDV;
				INFOPLIST_FILE = "Simplifyas Auditor/Info.plist";
				IPHONEOS_DEPLOYMENT_TARGET = 10.0;
				LD_RUNPATH_SEARCH_PATHS = (
					"$(inherited)",
					"@executable_path/Frameworks",
				);
				PRODUCT_BUNDLE_IDENTIFIER = com.simplifya.universal;
				PRODUCT_NAME = "$(TARGET_NAME)";
				SWIFT_OBJC_BRIDGING_HEADER = "Simplifyas Auditor/Simplifyas Auditor-Bridging-Header.h";
				SWIFT_VERSION = 4.0;
				TARGETED_DEVICE_FAMILY = "1,2";
			};
			name = Release;
		};
/* End XCBuildConfiguration section */

/* Begin XCConfigurationList section */
		00FED8A02105AE3D000F3D8A /* Build configuration list for PBXProject "Simplifyas Auditor" */ = {
			isa = XCConfigurationList;
			buildConfigurations = (
				00FED8B52105AE3E000F3D8A /* Debug */,
				00FED8B62105AE3E000F3D8A /* Release */,
			);
			defaultConfigurationIsVisible = 0;
			defaultConfigurationName = Release;
		};
		00FED8B72105AE3E000F3D8A /* Build configuration list for PBXNativeTarget "Simplifyas Auditor" */ = {
			isa = XCConfigurationList;
			buildConfigurations = (
				00FED8B82105AE3E000F3D8A /* Debug */,
				00FED8B92105AE3E000F3D8A /* Release */,
			);
			defaultConfigurationIsVisible = 0;
			defaultConfigurationName = Release;
		};
/* End XCConfigurationList section */
	};
	rootObject = 00FED89D2105AE3D000F3D8A /* Project object */;
}
